
Microsoft Visual Studio Solution File, Format Version 12.00
# Visual Studio Version 16
VisualStudioVersion = 16.0.29102.190
MinimumVisualStudioVersion = 10.0.40219.1
Project("{FAE04EC0-301F-11D3-BF4B-00C04F79EFBC}") = "WindowsFormsApp1", "WindowsFormsApp1\WindowsFormsApp1.csproj", "{8D044444-0895-4D26-9C40-2A659788F5AF}"
EndProject
Global
	GlobalSection(SolutionConfigurationPlatforms) = preSolution
		Debug|Any CPU = Debug|Any CPU
		Release|Any CPU = Release|Any CPU
	EndGlobalSection
	GlobalSection(ProjectConfigurationPlatforms) = postSolution
		{8D044444-0895-4D26-9C40-2A659788F5AF}.Debug|Any CPU.ActiveCfg = Debug|Any CPU
		{8D044444-0895-4D26-9C40-2A659788F5AF}.Debug|Any CPU.Build.0 = Debug|Any CPU
		{8D044444-0895-4D26-9C40-2A659788F5AF}.Release|Any CPU.ActiveCfg = Release|Any CPU
		{8D044444-0895-4D26-9C40-2A659788F5AF}.Release|Any CPU.Build.0 = Release|Any CPU
	EndGlobalSection
	GlobalSection(SolutionProperties) = preSolution
		HideSolutionNode = FALSE
	EndGlobalSection
	GlobalSection(ExtensibilityGlobals) = postSolution
		SolutionGuid = {79F315F1-AA0C-46EB-B715-9B3C17E3B749}
	EndGlobalSection
EndGlobal
